
Microsoft Visual Studio Solution File, Format Version 12.00
# Visual Studio Version 16
VisualStudioVersion = 16.0.31515.178
MinimumVisualStudioVersion = 10.0.40219.1
Project("{FAE04EC0-301F-11D3-BF4B-00C04F79EFBC}") = "Entityframework", "Entityframework\Entityframework.csproj", "{28726D53-6FDF-4B38-BA48-12B7B581E7A0}"
EndProject
Project("{FAE04EC0-301F-11D3-BF4B-00C04F79EFBC}") = "services", "services\services.csproj", "{3D1A59C1-AEE6-425E-9AC7-A4B79CEDCF9F}"
EndProject
Global
	GlobalSection(SolutionConfigurationPlatforms) = preSolution
		Debug|Any CPU = Debug|Any CPU
		Release|Any CPU = Release|Any CPU
	EndGlobalSection
	GlobalSection(ProjectConfigurationPlatforms) = postSolution
		{28726D53-6FDF-4B38-BA48-12B7B581E7A0}.Debug|Any CPU.ActiveCfg = Debug|Any CPU
		{28726D53-6FDF-4B38-BA48-12B7B581E7A0}.Debug|Any CPU.Build.0 = Debug|Any CPU
		{28726D53-6FDF-4B38-BA48-12B7B581E7A0}.Release|Any CPU.ActiveCfg = Release|Any CPU
		{28726D53-6FDF-4B38-BA48-12B7B581E7A0}.Release|Any CPU.Build.0 = Release|Any CPU
		{3D1A59C1-AEE6-425E-9AC7-A4B79CEDCF9F}.Debug|Any CPU.ActiveCfg = Debug|Any CPU
		{3D1A59C1-AEE6-425E-9AC7-A4B79CEDCF9F}.Debug|Any CPU.Build.0 = Debug|Any CPU
		{3D1A59C1-AEE6-425E-9AC7-A4B79CEDCF9F}.Release|Any CPU.ActiveCfg = Release|Any CPU
		{3D1A59C1-AEE6-425E-9AC7-A4B79CEDCF9F}.Release|Any CPU.Build.0 = Release|Any CPU
	EndGlobalSection
	GlobalSection(SolutionProperties) = preSolution
		HideSolutionNode = FALSE
	EndGlobalSection
	GlobalSection(ExtensibilityGlobals) = postSolution
		SolutionGuid = {A326DD8D-5101-4AD9-8EED-65D51B6974D9}
	EndGlobalSection
EndGlobal
